
Microsoft Visual Studio Solution File, Format Version 12.00
# Visual Studio Version 17
VisualStudioVersion = 17.9.34622.214
MinimumVisualStudioVersion = 10.0.40219.1
Project("{FAE04EC0-301F-11D3-BF4B-00C04F79EFBC}") = "JogoGourmetEdson", "JogoGourmetEdson\JogoGourmetEdson.csproj", "{1C723AE8-C3B1-444D-8797-7DC4147A51EE}"
EndProject
Global
	GlobalSection(SolutionConfigurationPlatforms) = preSolution
		Debug|Any CPU = Debug|Any CPU
		Release|Any CPU = Release|Any CPU
	EndGlobalSection
	GlobalSection(ProjectConfigurationPlatforms) = postSolution
		{1C723AE8-C3B1-444D-8797-7DC4147A51EE}.Debug|Any CPU.ActiveCfg = Debug|Any CPU
		{1C723AE8-C3B1-444D-8797-7DC4147A51EE}.Debug|Any CPU.Build.0 = Debug|Any CPU
		{1C723AE8-C3B1-444D-8797-7DC4147A51EE}.Release|Any CPU.ActiveCfg = Release|Any CPU
		{1C723AE8-C3B1-444D-8797-7DC4147A51EE}.Release|Any CPU.Build.0 = Release|Any CPU
	EndGlobalSection
	GlobalSection(SolutionProperties) = preSolution
		HideSolutionNode = FALSE
	EndGlobalSection
	GlobalSection(ExtensibilityGlobals) = postSolution
		SolutionGuid = {55B91E5F-F705-4F86-9B68-68DBA6A9AEE8}
	EndGlobalSection
EndGlobal
